
Microsoft Visual Studio Solution File, Format Version 12.00
# Visual Studio Version 16
VisualStudioVersion = 16.0.30204.135
MinimumVisualStudioVersion = 10.0.40219.1
Project("{2150E333-8FDC-42A3-9474-1A3956D46DE8}") = "Tests", "Tests", "{B991BE4F-8F74-4048-8CCE-A1C9BEC0F4E0}"
EndProject
Project("{9A19103F-16F7-4668-BE54-9A1E7A4F7556}") = "HHFO.Modules.ModuleName.Tests", "HHFO\Tests\HHFO.Modules.ModuleName.Tests\HHFO.Modules.ModuleName.Tests.csproj", "{25B435C3-1C98-424D-8B47-646A5E8CDC1E}"
EndProject
Project("{2150E333-8FDC-42A3-9474-1A3956D46DE8}") = "Modules", "Modules", "{8CA6EA88-FD39-4C85-9E53-250423B6D32F}"
EndProject
Project("{9A19103F-16F7-4668-BE54-9A1E7A4F7556}") = "HHFO.Modules.ModuleName", "HHFO\Modules\HHFO.Modules.ModuleName\HHFO.Modules.ModuleName.csproj", "{6C500073-C66F-44A2-927D-4210E329C274}"
EndProject
Project("{2150E333-8FDC-42A3-9474-1A3956D46DE8}") = "Services", "Services", "{882AD91C-B7FF-4CE3-B4C3-F18CF2CAE711}"
EndProject
Project("{9A19103F-16F7-4668-BE54-9A1E7A4F7556}") = "HHFO.Services", "HHFO\Services\HHFO.Services\HHFO.Services.csproj", "{7CA97C59-28E9-4E0F-9936-F301938EB132}"
EndProject
Project("{9A19103F-16F7-4668-BE54-9A1E7A4F7556}") = "HHFO.Services.Interfaces", "HHFO\Services\HHFO.Services.Interfaces\HHFO.Services.Interfaces.csproj", "{687DD0C6-BB91-4C78-A071-2ECB6B94A97B}"
EndProject
Project("{9A19103F-16F7-4668-BE54-9A1E7A4F7556}") = "HHFO", "HHFO\HHFO\HHFO.csproj", "{EA0BE999-B974-436F-806C-68B0F72AC5BD}"
EndProject
Project("{9A19103F-16F7-4668-BE54-9A1E7A4F7556}") = "HHFO.Core", "HHFO\HHFO.Core\HHFO.Core.csproj", "{45DE5C34-F7E0-4429-B2E3-139E0A997AE4}"
EndProject
Project("{2150E333-8FDC-42A3-9474-1A3956D46DE8}") = "Config", "Config", "{B97C9B14-7F85-454D-A554-019D4769C6A9}"
EndProject
Project("{FAE04EC0-301F-11D3-BF4B-00C04F79EFBC}") = "HHFO.Config", "HHFO\HHFO.Config\HHFO.Config.csproj", "{E0901069-421E-46C3-B26E-526348236822}"
EndProject
Global
	GlobalSection(SolutionConfigurationPlatforms) = preSolution
		Debug|Any CPU = Debug|Any CPU
		Release|Any CPU = Release|Any CPU
	EndGlobalSection
	GlobalSection(ProjectConfigurationPlatforms) = postSolution
		{25B435C3-1C98-424D-8B47-646A5E8CDC1E}.Debug|Any CPU.ActiveCfg = Debug|Any CPU
		{25B435C3-1C98-424D-8B47-646A5E8CDC1E}.Debug|Any CPU.Build.0 = Debug|Any CPU
		{25B435C3-1C98-424D-8B47-646A5E8CDC1E}.Release|Any CPU.ActiveCfg = Release|Any CPU
		{25B435C3-1C98-424D-8B47-646A5E8CDC1E}.Release|Any CPU.Build.0 = Release|Any CPU
		{6C500073-C66F-44A2-927D-4210E329C274}.Debug|Any CPU.ActiveCfg = Debug|Any CPU
		{6C500073-C66F-44A2-927D-4210E329C274}.Debug|Any CPU.Build.0 = Debug|Any CPU
		{6C500073-C66F-44A2-927D-4210E329C274}.Release|Any CPU.ActiveCfg = Release|Any CPU
		{6C500073-C66F-44A2-927D-4210E329C274}.Release|Any CPU.Build.0 = Release|Any CPU
		{7CA97C59-28E9-4E0F-9936-F301938EB132}.Debug|Any CPU.ActiveCfg = Debug|Any CPU
		{7CA97C59-28E9-4E0F-9936-F301938EB132}.Debug|Any CPU.Build.0 = Debug|Any CPU
		{7CA97C59-28E9-4E0F-9936-F301938EB132}.Release|Any CPU.ActiveCfg = Release|Any CPU
		{7CA97C59-28E9-4E0F-9936-F301938EB132}.Release|Any CPU.Build.0 = Release|Any CPU
		{687DD0C6-BB91-4C78-A071-2ECB6B94A97B}.Debug|Any CPU.ActiveCfg = Debug|Any CPU
		{687DD0C6-BB91-4C78-A071-2ECB6B94A97B}.Debug|Any CPU.Build.0 = Debug|Any CPU
		{687DD0C6-BB91-4C78-A071-2ECB6B94A97B}.Release|Any CPU.ActiveCfg = Release|Any CPU
		{687DD0C6-BB91-4C78-A071-2ECB6B94A97B}.Release|Any CPU.Build.0 = Release|Any CPU
		{EA0BE999-B974-436F-806C-68B0F72AC5BD}.Debug|Any CPU.ActiveCfg = Debug|Any CPU
		{EA0BE999-B974-436F-806C-68B0F72AC5BD}.Debug|Any CPU.Build.0 = Debug|Any CPU
		{EA0BE999-B974-436F-806C-68B0F72AC5BD}.Release|Any CPU.ActiveCfg = Release|Any CPU
		{EA0BE999-B974-436F-806C-68B0F72AC5BD}.Release|Any CPU.Build.0 = Release|Any CPU
		{45DE5C34-F7E0-4429-B2E3-139E0A997AE4}.Debug|Any CPU.ActiveCfg = Debug|Any CPU
		{45DE5C34-F7E0-4429-B2E3-139E0A997AE4}.Debug|Any CPU.Build.0 = Debug|Any CPU
		{45DE5C34-F7E0-4429-B2E3-139E0A997AE4}.Release|Any CPU.ActiveCfg = Release|Any CPU
		{45DE5C34-F7E0-4429-B2E3-139E0A997AE4}.Release|Any CPU.Build.0 = Release|Any CPU
		{E0901069-421E-46C3-B26E-526348236822}.Debug|Any CPU.ActiveCfg = Debug|Any CPU
		{E0901069-421E-46C3-B26E-526348236822}.Debug|Any CPU.Build.0 = Debug|Any CPU
		{E0901069-421E-46C3-B26E-526348236822}.Release|Any CPU.ActiveCfg = Release|Any CPU
		{E0901069-421E-46C3-B26E-526348236822}.Release|Any CPU.Build.0 = Release|Any CPU
	EndGlobalSection
	GlobalSection(SolutionProperties) = preSolution
		HideSolutionNode = FALSE
	EndGlobalSection
	GlobalSection(NestedProjects) = preSolution
		{25B435C3-1C98-424D-8B47-646A5E8CDC1E} = {B991BE4F-8F74-4048-8CCE-A1C9BEC0F4E0}
		{6C500073-C66F-44A2-927D-4210E329C274} = {8CA6EA88-FD39-4C85-9E53-250423B6D32F}
		{7CA97C59-28E9-4E0F-9936-F301938EB132} = {882AD91C-B7FF-4CE3-B4C3-F18CF2CAE711}
		{687DD0C6-BB91-4C78-A071-2ECB6B94A97B} = {882AD91C-B7FF-4CE3-B4C3-F18CF2CAE711}
		{E0901069-421E-46C3-B26E-526348236822} = {B97C9B14-7F85-454D-A554-019D4769C6A9}
	EndGlobalSection
	GlobalSection(ExtensibilityGlobals) = postSolution
		SolutionGuid = {A5A187AD-5C17-4621-9884-22F027B09D88}
	EndGlobalSection
EndGlobal
