
Microsoft Visual Studio Solution File, Format Version 12.00
# Visual Studio Version 16
VisualStudioVersion = 16.0.30204.135
MinimumVisualStudioVersion = 10.0.40219.1
Project("{2150E333-8FDC-42A3-9474-1A3956D46DE8}") = "Modules", "Modules", "{8CA6EA88-FD39-4C85-9E53-250423B6D32F}"
EndProject
Project("{9A19103F-16F7-4668-BE54-9A1E7A4F7556}") = "HHFO", "HHFO\HHFO\HHFO.csproj", "{EA0BE999-B974-436F-806C-68B0F72AC5BD}"
EndProject
Project("{9A19103F-16F7-4668-BE54-9A1E7A4F7556}") = "HHFO.Core", "HHFO\Core\HHFO.Core.csproj", "{45DE5C34-F7E0-4429-B2E3-139E0A997AE4}"
EndProject
Project("{2150E333-8FDC-42A3-9474-1A3956D46DE8}") = "Config", "Config", "{B97C9B14-7F85-454D-A554-019D4769C6A9}"
EndProject
Project("{9A19103F-16F7-4668-BE54-9A1E7A4F7556}") = "HHFO.Config", "HHFO\Config\HHFO.Config.csproj", "{E0901069-421E-46C3-B26E-526348236822}"
EndProject
Project("{9A19103F-16F7-4668-BE54-9A1E7A4F7556}") = "HHFO.Menu", "HHFO\Menu\HHFO.Menu.csproj", "{C33E7023-EDCD-49AA-9D8E-40B90F8AA05D}"
EndProject
Project("{9A19103F-16F7-4668-BE54-9A1E7A4F7556}") = "HHFO.Tweets", "HHFO\Tweets\HHFO.Tweets.csproj", "{DBA06FB4-9488-4500-A212-031DA1047F93}"
EndProject
Global
	GlobalSection(SolutionConfigurationPlatforms) = preSolution
		Debug|Any CPU = Debug|Any CPU
		Release|Any CPU = Release|Any CPU
	EndGlobalSection
	GlobalSection(ProjectConfigurationPlatforms) = postSolution
		{EA0BE999-B974-436F-806C-68B0F72AC5BD}.Debug|Any CPU.ActiveCfg = Debug|Any CPU
		{EA0BE999-B974-436F-806C-68B0F72AC5BD}.Debug|Any CPU.Build.0 = Debug|Any CPU
		{EA0BE999-B974-436F-806C-68B0F72AC5BD}.Release|Any CPU.ActiveCfg = Release|Any CPU
		{EA0BE999-B974-436F-806C-68B0F72AC5BD}.Release|Any CPU.Build.0 = Release|Any CPU
		{45DE5C34-F7E0-4429-B2E3-139E0A997AE4}.Debug|Any CPU.ActiveCfg = Debug|Any CPU
		{45DE5C34-F7E0-4429-B2E3-139E0A997AE4}.Debug|Any CPU.Build.0 = Debug|Any CPU
		{45DE5C34-F7E0-4429-B2E3-139E0A997AE4}.Release|Any CPU.ActiveCfg = Release|Any CPU
		{45DE5C34-F7E0-4429-B2E3-139E0A997AE4}.Release|Any CPU.Build.0 = Release|Any CPU
		{E0901069-421E-46C3-B26E-526348236822}.Debug|Any CPU.ActiveCfg = Debug|Any CPU
		{E0901069-421E-46C3-B26E-526348236822}.Debug|Any CPU.Build.0 = Debug|Any CPU
		{E0901069-421E-46C3-B26E-526348236822}.Release|Any CPU.ActiveCfg = Release|Any CPU
		{E0901069-421E-46C3-B26E-526348236822}.Release|Any CPU.Build.0 = Release|Any CPU
		{C33E7023-EDCD-49AA-9D8E-40B90F8AA05D}.Debug|Any CPU.ActiveCfg = Debug|Any CPU
		{C33E7023-EDCD-49AA-9D8E-40B90F8AA05D}.Debug|Any CPU.Build.0 = Debug|Any CPU
		{C33E7023-EDCD-49AA-9D8E-40B90F8AA05D}.Release|Any CPU.ActiveCfg = Release|Any CPU
		{C33E7023-EDCD-49AA-9D8E-40B90F8AA05D}.Release|Any CPU.Build.0 = Release|Any CPU
		{DBA06FB4-9488-4500-A212-031DA1047F93}.Debug|Any CPU.ActiveCfg = Debug|Any CPU
		{DBA06FB4-9488-4500-A212-031DA1047F93}.Debug|Any CPU.Build.0 = Debug|Any CPU
		{DBA06FB4-9488-4500-A212-031DA1047F93}.Release|Any CPU.ActiveCfg = Release|Any CPU
		{DBA06FB4-9488-4500-A212-031DA1047F93}.Release|Any CPU.Build.0 = Release|Any CPU
	EndGlobalSection
	GlobalSection(SolutionProperties) = preSolution
		HideSolutionNode = FALSE
	EndGlobalSection
	GlobalSection(NestedProjects) = preSolution
		{E0901069-421E-46C3-B26E-526348236822} = {B97C9B14-7F85-454D-A554-019D4769C6A9}
		{C33E7023-EDCD-49AA-9D8E-40B90F8AA05D} = {8CA6EA88-FD39-4C85-9E53-250423B6D32F}
		{DBA06FB4-9488-4500-A212-031DA1047F93} = {8CA6EA88-FD39-4C85-9E53-250423B6D32F}
	EndGlobalSection
	GlobalSection(ExtensibilityGlobals) = postSolution
		SolutionGuid = {A5A187AD-5C17-4621-9884-22F027B09D88}
	EndGlobalSection
EndGlobal
